
Microsoft Visual Studio Solution File, Format Version 12.00
# Visual Studio Version 16
VisualStudioVersion = 16.0.29503.13
MinimumVisualStudioVersion = 10.0.40219.1
Project("{9092AA53-FB77-4645-B42D-1CCCA6BD08BD}") = "Kortti2", "Kortti2.njsproj", "{D93E6D9F-C1C4-4997-9824-1E5A79C92102}"
EndProject
Global
	GlobalSection(SolutionConfigurationPlatforms) = preSolution
		Debug|Any CPU = Debug|Any CPU
		Release|Any CPU = Release|Any CPU
	EndGlobalSection
	GlobalSection(ProjectConfigurationPlatforms) = postSolution
		{D93E6D9F-C1C4-4997-9824-1E5A79C92102}.Debug|Any CPU.ActiveCfg = Debug|Any CPU
		{D93E6D9F-C1C4-4997-9824-1E5A79C92102}.Debug|Any CPU.Build.0 = Debug|Any CPU
		{D93E6D9F-C1C4-4997-9824-1E5A79C92102}.Release|Any CPU.ActiveCfg = Release|Any CPU
		{D93E6D9F-C1C4-4997-9824-1E5A79C92102}.Release|Any CPU.Build.0 = Release|Any CPU
	EndGlobalSection
	GlobalSection(SolutionProperties) = preSolution
		HideSolutionNode = FALSE
	EndGlobalSection
	GlobalSection(ExtensibilityGlobals) = postSolution
		SolutionGuid = {B1D7DE4E-0A59-4D6D-A00A-B6B5469A85C7}
	EndGlobalSection
EndGlobal
